// !$*UTF8*$!
{
	archiveVersion = 1;
	classes = {
	};
	objectVersion = 56;
	objects = {

/* Begin PBXBuildFile section */
		31C7EA822C32EA3000B540DD /* Art_Institute_of_ChicagoApp.swift in Sources */ = {isa = PBXBuildFile; fileRef = 31C7EA812C32EA3000B540DD /* Art_Institute_of_ChicagoApp.swift */; };
		31C7EA842C32EA3000B540DD /* ContentView.swift in Sources */ = {isa = PBXBuildFile; fileRef = 31C7EA832C32EA3000B540DD /* ContentView.swift */; };
		31C7EA862C32EA3200B540DD /* Assets.xcassets in Resources */ = {isa = PBXBuildFile; fileRef = 31C7EA852C32EA3200B540DD /* Assets.xcassets */; };
		31C7EA892C32EA3200B540DD /* Preview Assets.xcassets in Resources */ = {isa = PBXBuildFile; fileRef = 31C7EA882C32EA3200B540DD /* Preview Assets.xcassets */; };
		31C7EA932C32EAD900B540DD /* Artwork.swift in Sources */ = {isa = PBXBuildFile; fileRef = 31C7EA922C32EAD900B540DD /* Artwork.swift */; };
		31C7EA952C32EC7200B540DD /* ArtworkViewModel.swift in Sources */ = {isa = PBXBuildFile; fileRef = 31C7EA942C32EC7200B540DD /* ArtworkViewModel.swift */; };
		31C7EA972C33037F00B540DD /* ArtworkView.swift in Sources */ = {isa = PBXBuildFile; fileRef = 31C7EA962C33037F00B540DD /* ArtworkView.swift */; };
		31C7EA992C3313C900B540DD /* ArtworkDetailView.swift in Sources */ = {isa = PBXBuildFile; fileRef = 31C7EA982C3313C900B540DD /* ArtworkDetailView.swift */; };
/* End PBXBuildFile section */

/* Begin PBXFileReference section */
		31C7EA7E2C32EA3000B540DD /* Art Institute of Chicago.app */ = {isa = PBXFileReference; explicitFileType = wrapper.application; includeInIndex = 0; path = "Art Institute of Chicago.app"; sourceTree = BUILT_PRODUCTS_DIR; };
		31C7EA812C32EA3000B540DD /* Art_Institute_of_ChicagoApp.swift */ = {isa = PBXFileReference; lastKnownFileType = sourcecode.swift; path = Art_Institute_of_ChicagoApp.swift; sourceTree = "<group>"; };
		31C7EA832C32EA3000B540DD /* ContentView.swift */ = {isa = PBXFileReference; lastKnownFileType = sourcecode.swift; path = ContentView.swift; sourceTree = "<group>"; };
		31C7EA852C32EA3200B540DD /* Assets.xcassets */ = {isa = PBXFileReference; lastKnownFileType = folder.assetcatalog; path = Assets.xcassets; sourceTree = "<group>"; };
		31C7EA882C32EA3200B540DD /* Preview Assets.xcassets */ = {isa = PBXFileReference; lastKnownFileType = folder.assetcatalog; path = "Preview Assets.xcassets"; sourceTree = "<group>"; };
		31C7EA922C32EAD900B540DD /* Artwork.swift */ = {isa = PBXFileReference; lastKnownFileType = sourcecode.swift; path = Artwork.swift; sourceTree = "<group>"; };
		31C7EA942C32EC7200B540DD /* ArtworkViewModel.swift */ = {isa = PBXFileReference; lastKnownFileType = sourcecode.swift; path = ArtworkViewModel.swift; sourceTree = "<group>"; };
		31C7EA962C33037F00B540DD /* ArtworkView.swift */ = {isa = PBXFileReference; lastKnownFileType = sourcecode.swift; path = ArtworkView.swift; sourceTree = "<group>"; };
		31C7EA982C3313C900B540DD /* ArtworkDetailView.swift */ = {isa = PBXFileReference; lastKnownFileType = sourcecode.swift; path = ArtworkDetailView.swift; sourceTree = "<group>"; };
/* End PBXFileReference section */

/* Begin PBXFrameworksBuildPhase section */
		31C7EA7B2C32EA3000B540DD /* Frameworks */ = {
			isa = PBXFrameworksBuildPhase;
			buildActionMask = 2147483647;
			files = (
			);
			runOnlyForDeploymentPostprocessing = 0;
		};
/* End PBXFrameworksBuildPhase section */

/* Begin PBXGroup section */
		31C7EA752C32EA3000B540DD = {
			isa = PBXGroup;
			children = (
				31C7EA802C32EA3000B540DD /* Art Institute of Chicago */,
				31C7EA7F2C32EA3000B540DD /* Products */,
			);
			sourceTree = "<group>";
		};
		31C7EA7F2C32EA3000B540DD /* Products */ = {
			isa = PBXGroup;
			children = (
				31C7EA7E2C32EA3000B540DD /* Art Institute of Chicago.app */,
			);
			name = Products;
			sourceTree = "<group>";
		};
		31C7EA802C32EA3000B540DD /* Art Institute of Chicago */ = {
			isa = PBXGroup;
			children = (
				31C7EA812C32EA3000B540DD /* Art_Institute_of_ChicagoApp.swift */,
				31C7EA912C32EA7B00B540DD /* Model */,
				31C7EA902C32EA6A00B540DD /* Views */,
				31C7EA8F2C32EA4800B540DD /* ViewModel */,
				31C7EA852C32EA3200B540DD /* Assets.xcassets */,
				31C7EA872C32EA3200B540DD /* Preview Content */,
			);
			path = "Art Institute of Chicago";
			sourceTree = "<group>";
		};
		31C7EA872C32EA3200B540DD /* Preview Content */ = {
			isa = PBXGroup;
			children = (
				31C7EA882C32EA3200B540DD /* Preview Assets.xcassets */,
			);
			path = "Preview Content";
			sourceTree = "<group>";
		};
		31C7EA8F2C32EA4800B540DD /* ViewModel */ = {
			isa = PBXGroup;
			children = (
				31C7EA942C32EC7200B540DD /* ArtworkViewModel.swift */,
			);
			path = ViewModel;
			sourceTree = "<group>";
		};
		31C7EA902C32EA6A00B540DD /* Views */ = {
			isa = PBXGroup;
			children = (
				31C7EA832C32EA3000B540DD /* ContentView.swift */,
				31C7EA962C33037F00B540DD /* ArtworkView.swift */,
				31C7EA982C3313C900B540DD /* ArtworkDetailView.swift */,
			);
			path = Views;
			sourceTree = "<group>";
		};
		31C7EA912C32EA7B00B540DD /* Model */ = {
			isa = PBXGroup;
			children = (
				31C7EA922C32EAD900B540DD /* Artwork.swift */,
			);
			path = Model;
			sourceTree = "<group>";
		};
/* End PBXGroup section */

/* Begin PBXNativeTarget section */
		31C7EA7D2C32EA3000B540DD /* Art Institute of Chicago */ = {
			isa = PBXNativeTarget;
			buildConfigurationList = 31C7EA8C2C32EA3200B540DD /* Build configuration list for PBXNativeTarget "Art Institute of Chicago" */;
			buildPhases = (
				31C7EA7A2C32EA3000B540DD /* Sources */,
				31C7EA7B2C32EA3000B540DD /* Frameworks */,
				31C7EA7C2C32EA3000B540DD /* Resources */,
			);
			buildRules = (
			);
			dependencies = (
			);
			name = "Art Institute of Chicago";
			productName = "Art Institute of Chicago";
			productReference = 31C7EA7E2C32EA3000B540DD /* Art Institute of Chicago.app */;
			productType = "com.apple.product-type.application";
		};
/* End PBXNativeTarget section */

/* Begin PBXProject section */
		31C7EA762C32EA3000B540DD /* Project object */ = {
			isa = PBXProject;
			attributes = {
				BuildIndependentTargetsInParallel = 1;
				LastSwiftUpdateCheck = 1540;
				LastUpgradeCheck = 1540;
				TargetAttributes = {
					31C7EA7D2C32EA3000B540DD = {
						CreatedOnToolsVersion = 15.4;
					};
				};
			};
			buildConfigurationList = 31C7EA792C32EA3000B540DD /* Build configuration list for PBXProject "Art Institute of Chicago" */;
			compatibilityVersion = "Xcode 14.0";
			developmentRegion = en;
			hasScannedForEncodings = 0;
			knownRegions = (
				en,
				Base,
			);
			mainGroup = 31C7EA752C32EA3000B540DD;
			productRefGroup = 31C7EA7F2C32EA3000B540DD /* Products */;
			projectDirPath = "";
			projectRoot = "";
			targets = (
				31C7EA7D2C32EA3000B540DD /* Art Institute of Chicago */,
			);
		};
/* End PBXProject section */

/* Begin PBXResourcesBuildPhase section */
		31C7EA7C2C32EA3000B540DD /* Resources */ = {
			isa = PBXResourcesBuildPhase;
			buildActionMask = 2147483647;
			files = (
				31C7EA892C32EA3200B540DD /* Preview Assets.xcassets in Resources */,
				31C7EA862C32EA3200B540DD /* Assets.xcassets in Resources */,
			);
			runOnlyForDeploymentPostprocessing = 0;
		};
/* End PBXResourcesBuildPhase section */

/* Begin PBXSourcesBuildPhase section */
		31C7EA7A2C32EA3000B540DD /* Sources */ = {
			isa = PBXSourcesBuildPhase;
			buildActionMask = 2147483647;
			files = (
				31C7EA842C32EA3000B540DD /* ContentView.swift in Sources */,
				31C7EA972C33037F00B540DD /* ArtworkView.swift in Sources */,
				31C7EA932C32EAD900B540DD /* Artwork.swift in Sources */,
				31C7EA822C32EA3000B540DD /* Art_Institute_of_ChicagoApp.swift in Sources */,
				31C7EA992C3313C900B540DD /* ArtworkDetailView.swift in Sources */,
				31C7EA952C32EC7200B540DD /* ArtworkViewModel.swift in Sources */,
			);
			runOnlyForDeploymentPostprocessing = 0;
		};
/* End PBXSourcesBuildPhase section */

/* Begin XCBuildConfiguration section */
		31C7EA8A2C32EA3200B540DD /* Debug */ = {
			isa = XCBuildConfiguration;
			buildSettings = {
				ALWAYS_SEARCH_USER_PATHS = NO;
				ASSETCATALOG_COMPILER_GENERATE_SWIFT_ASSET_SYMBOL_EXTENSIONS = YES;
				CLANG_ANALYZER_NONNULL = YES;
				CLANG_ANALYZER_NUMBER_OBJECT_CONVERSION = YES_AGGRESSIVE;
				CLANG_CXX_LANGUAGE_STANDARD = "gnu++20";
				CLANG_ENABLE_MODULES = YES;
				CLANG_ENABLE_OBJC_ARC = YES;
				CLANG_ENABLE_OBJC_WEAK = YES;
				CLANG_WARN_BLOCK_CAPTURE_AUTORELEASING = YES;
				CLANG_WARN_BOOL_CONVERSION = YES;
				CLANG_WARN_COMMA = YES;
				CLANG_WARN_CONSTANT_CONVERSION = YES;
				CLANG_WARN_DEPRECATED_OBJC_IMPLEMENTATIONS = YES;
				CLANG_WARN_DIRECT_OBJC_ISA_USAGE = YES_ERROR;
				CLANG_WARN_DOCUMENTATION_COMMENTS = YES;
				CLANG_WARN_EMPTY_BODY = YES;
				CLANG_WARN_ENUM_CONVERSION = YES;
				CLANG_WARN_INFINITE_RECURSION = YES;
				CLANG_WARN_INT_CONVERSION = YES;
				CLANG_WARN_NON_LITERAL_NULL_CONVERSION = YES;
				CLANG_WARN_OBJC_IMPLICIT_RETAIN_SELF = YES;
				CLANG_WARN_OBJC_LITERAL_CONVERSION = YES;
				CLANG_WARN_OBJC_ROOT_CLASS = YES_ERROR;
				CLANG_WARN_QUOTED_INCLUDE_IN_FRAMEWORK_HEADER = YES;
				CLANG_WARN_RANGE_LOOP_ANALYSIS = YES;
				CLANG_WARN_STRICT_PROTOTYPES = YES;
				CLANG_WARN_SUSPICIOUS_MOVE = YES;
				CLANG_WARN_UNGUARDED_AVAILABILITY = YES_AGGRESSIVE;
				CLANG_WARN_UNREACHABLE_CODE = YES;
				CLANG_WARN__DUPLICATE_METHOD_MATCH = YES;
				COPY_PHASE_STRIP = NO;
				DEBUG_INFORMATION_FORMAT = dwarf;
				ENABLE_STRICT_OBJC_MSGSEND = YES;
				ENABLE_TESTABILITY = YES;
				ENABLE_USER_SCRIPT_SANDBOXING = YES;
				GCC_C_LANGUAGE_STANDARD = gnu17;
				GCC_DYNAMIC_NO_PIC = NO;
				GCC_NO_COMMON_BLOCKS = YES;
				GCC_OPTIMIZATION_LEVEL = 0;
				GCC_PREPROCESSOR_DEFINITIONS = (
					"DEBUG=1",
					"$(inherited)",
				);
				GCC_WARN_64_TO_32_BIT_CONVERSION = YES;
				GCC_WARN_ABOUT_RETURN_TYPE = YES_ERROR;
				GCC_WARN_UNDECLARED_SELECTOR = YES;
				GCC_WARN_UNINITIALIZED_AUTOS = YES_AGGRESSIVE;
				GCC_WARN_UNUSED_FUNCTION = YES;
				GCC_WARN_UNUSED_VARIABLE = YES;
				IPHONEOS_DEPLOYMENT_TARGET = 17.5;
				LOCALIZATION_PREFERS_STRING_CATALOGS = YES;
				MTL_ENABLE_DEBUG_INFO = INCLUDE_SOURCE;
				MTL_FAST_MATH = YES;
				ONLY_ACTIVE_ARCH = YES;
				SDKROOT = iphoneos;
				SWIFT_ACTIVE_COMPILATION_CONDITIONS = "DEBUG $(inherited)";
				SWIFT_OPTIMIZATION_LEVEL = "-Onone";
			};
			name = Debug;
		};
		31C7EA8B2C32EA3200B540DD /* Release */ = {
			isa = XCBuildConfiguration;
			buildSettings = {
				ALWAYS_SEARCH_USER_PATHS = NO;
				ASSETCATALOG_COMPILER_GENERATE_SWIFT_ASSET_SYMBOL_EXTENSIONS = YES;
				CLANG_ANALYZER_NONNULL = YES;
				CLANG_ANALYZER_NUMBER_OBJECT_CONVERSION = YES_AGGRESSIVE;
				CLANG_CXX_LANGUAGE_STANDARD = "gnu++20";
				CLANG_ENABLE_MODULES = YES;
				CLANG_ENABLE_OBJC_ARC = YES;
				CLANG_ENABLE_OBJC_WEAK = YES;
				CLANG_WARN_BLOCK_CAPTURE_AUTORELEASING = YES;
				CLANG_WARN_BOOL_CONVERSION = YES;
				CLANG_WARN_COMMA = YES;
				CLANG_WARN_CONSTANT_CONVERSION = YES;
				CLANG_WARN_DEPRECATED_OBJC_IMPLEMENTATIONS = YES;
				CLANG_WARN_DIRECT_OBJC_ISA_USAGE = YES_ERROR;
				CLANG_WARN_DOCUMENTATION_COMMENTS = YES;
				CLANG_WARN_EMPTY_BODY = YES;
				CLANG_WARN_ENUM_CONVERSION = YES;
				CLANG_WARN_INFINITE_RECURSION = YES;
				CLANG_WARN_INT_CONVERSION = YES;
				CLANG_WARN_NON_LITERAL_NULL_CONVERSION = YES;
				CLANG_WARN_OBJC_IMPLICIT_RETAIN_SELF = YES;
				CLANG_WARN_OBJC_LITERAL_CONVERSION = YES;
				CLANG_WARN_OBJC_ROOT_CLASS = YES_ERROR;
				CLANG_WARN_QUOTED_INCLUDE_IN_FRAMEWORK_HEADER = YES;
				CLANG_WARN_RANGE_LOOP_ANALYSIS = YES;
				CLANG_WARN_STRICT_PROTOTYPES = YES;
				CLANG_WARN_SUSPICIOUS_MOVE = YES;
				CLANG_WARN_UNGUARDED_AVAILABILITY = YES_AGGRESSIVE;
				CLANG_WARN_UNREACHABLE_CODE = YES;
				CLANG_WARN__DUPLICATE_METHOD_MATCH = YES;
				COPY_PHASE_STRIP = NO;
				DEBUG_INFORMATION_FORMAT = "dwarf-with-dsym";
				ENABLE_NS_ASSERTIONS = NO;
				ENABLE_STRICT_OBJC_MSGSEND = YES;
				ENABLE_USER_SCRIPT_SANDBOXING = YES;
				GCC_C_LANGUAGE_STANDARD = gnu17;
				GCC_NO_COMMON_BLOCKS = YES;
				GCC_WARN_64_TO_32_BIT_CONVERSION = YES;
				GCC_WARN_ABOUT_RETURN_TYPE = YES_ERROR;
				GCC_WARN_UNDECLARED_SELECTOR = YES;
				GCC_WARN_UNINITIALIZED_AUTOS = YES_AGGRESSIVE;
				GCC_WARN_UNUSED_FUNCTION = YES;
				GCC_WARN_UNUSED_VARIABLE = YES;
				IPHONEOS_DEPLOYMENT_TARGET = 17.5;
				LOCALIZATION_PREFERS_STRING_CATALOGS = YES;
				MTL_ENABLE_DEBUG_INFO = NO;
				MTL_FAST_MATH = YES;
				SDKROOT = iphoneos;
				SWIFT_COMPILATION_MODE = wholemodule;
				VALIDATE_PRODUCT = YES;
			};
			name = Release;
		};
		31C7EA8D2C32EA3200B540DD /* Debug */ = {
			isa = XCBuildConfiguration;
			buildSettings = {
				ASSETCATALOG_COMPILER_APPICON_NAME = AppIcon;
				ASSETCATALOG_COMPILER_GLOBAL_ACCENT_COLOR_NAME = AccentColor;
				CODE_SIGN_STYLE = Automatic;
				CURRENT_PROJECT_VERSION = 1;
				DEVELOPMENT_ASSET_PATHS = "\"Art Institute of Chicago/Preview Content\"";
				DEVELOPMENT_TEAM = N6866QJWVY;
				ENABLE_PREVIEWS = YES;
				GENERATE_INFOPLIST_FILE = YES;
				INFOPLIST_KEY_UIApplicationSceneManifest_Generation = YES;
				INFOPLIST_KEY_UIApplicationSupportsIndirectInputEvents = YES;
				INFOPLIST_KEY_UILaunchScreen_Generation = YES;
				INFOPLIST_KEY_UISupportedInterfaceOrientations_iPad = "UIInterfaceOrientationPortrait UIInterfaceOrientationPortraitUpsideDown UIInterfaceOrientationLandscapeLeft UIInterfaceOrientationLandscapeRight";
				INFOPLIST_KEY_UISupportedInterfaceOrientations_iPhone = "UIInterfaceOrientationPortrait UIInterfaceOrientationLandscapeLeft UIInterfaceOrientationLandscapeRight";
				LD_RUNPATH_SEARCH_PATHS = (
					"$(inherited)",
					"@executable_path/Frameworks",
				);
				MARKETING_VERSION = 1.0;
				PRODUCT_BUNDLE_IDENTIFIER = "alvi.Art-Institute-of-Chicago";
				PRODUCT_NAME = "$(TARGET_NAME)";
				SWIFT_EMIT_LOC_STRINGS = YES;
				SWIFT_VERSION = 5.0;
				TARGETED_DEVICE_FAMILY = "1,2";
			};
			name = Debug;
		};
		31C7EA8E2C32EA3200B540DD /* Release */ = {
			isa = XCBuildConfiguration;
			buildSettings = {
				ASSETCATALOG_COMPILER_APPICON_NAME = AppIcon;
				ASSETCATALOG_COMPILER_GLOBAL_ACCENT_COLOR_NAME = AccentColor;
				CODE_SIGN_STYLE = Automatic;
				CURRENT_PROJECT_VERSION = 1;
				DEVELOPMENT_ASSET_PATHS = "\"Art Institute of Chicago/Preview Content\"";
				DEVELOPMENT_TEAM = N6866QJWVY;
				ENABLE_PREVIEWS = YES;
				GENERATE_INFOPLIST_FILE = YES;
				INFOPLIST_KEY_UIApplicationSceneManifest_Generation = YES;
				INFOPLIST_KEY_UIApplicationSupportsIndirectInputEvents = YES;
				INFOPLIST_KEY_UILaunchScreen_Generation = YES;
				INFOPLIST_KEY_UISupportedInterfaceOrientations_iPad = "UIInterfaceOrientationPortrait UIInterfaceOrientationPortraitUpsideDown UIInterfaceOrientationLandscapeLeft UIInterfaceOrientationLandscapeRight";
				INFOPLIST_KEY_UISupportedInterfaceOrientations_iPhone = "UIInterfaceOrientationPortrait UIInterfaceOrientationLandscapeLeft UIInterfaceOrientationLandscapeRight";
				LD_RUNPATH_SEARCH_PATHS = (
					"$(inherited)",
					"@executable_path/Frameworks",
				);
				MARKETING_VERSION = 1.0;
				PRODUCT_BUNDLE_IDENTIFIER = "alvi.Art-Institute-of-Chicago";
				PRODUCT_NAME = "$(TARGET_NAME)";
				SWIFT_EMIT_LOC_STRINGS = YES;
				SWIFT_VERSION = 5.0;
				TARGETED_DEVICE_FAMILY = "1,2";
			};
			name = Release;
		};
/* End XCBuildConfiguration section */

/* Begin XCConfigurationList section */
		31C7EA792C32EA3000B540DD /* Build configuration list for PBXProject "Art Institute of Chicago" */ = {
			isa = XCConfigurationList;
			buildConfigurations = (
				31C7EA8A2C32EA3200B540DD /* Debug */,
				31C7EA8B2C32EA3200B540DD /* Release */,
			);
			defaultConfigurationIsVisible = 0;
			defaultConfigurationName = Release;
		};
		31C7EA8C2C32EA3200B540DD /* Build configuration list for PBXNativeTarget "Art Institute of Chicago" */ = {
			isa = XCConfigurationList;
			buildConfigurations = (
				31C7EA8D2C32EA3200B540DD /* Debug */,
				31C7EA8E2C32EA3200B540DD /* Release */,
			);
			defaultConfigurationIsVisible = 0;
			defaultConfigurationName = Release;
		};
/* End XCConfigurationList section */
	};
	rootObject = 31C7EA762C32EA3000B540DD /* Project object */;
}
